// !$*UTF8*$!
{
	archiveVersion = 1;
	classes = {
	};
	objectVersion = 55;
	objects = {

/* Begin PBXBuildFile section */
		CF09C45B28B52DA000D0DE4C /* HomeTableViewCell.swift in Sources */ = {isa = PBXBuildFile; fileRef = CF09C45A28B52DA000D0DE4C /* HomeTableViewCell.swift */; };
		CF09C45D28B5355800D0DE4C /* BaseTableViewCell.swift in Sources */ = {isa = PBXBuildFile; fileRef = CF09C45C28B5355800D0DE4C /* BaseTableViewCell.swift */; };
		CFA8ACB628AF9FB300F38CF0 /* AppDelegate.swift in Sources */ = {isa = PBXBuildFile; fileRef = CFA8ACB528AF9FB300F38CF0 /* AppDelegate.swift */; };
		CFA8ACB828AF9FB300F38CF0 /* SceneDelegate.swift in Sources */ = {isa = PBXBuildFile; fileRef = CFA8ACB728AF9FB300F38CF0 /* SceneDelegate.swift */; };
		CFA8ACBF28AF9FB500F38CF0 /* Assets.xcassets in Resources */ = {isa = PBXBuildFile; fileRef = CFA8ACBE28AF9FB500F38CF0 /* Assets.xcassets */; };
		CFA8ACC228AF9FB500F38CF0 /* LaunchScreen.storyboard in Resources */ = {isa = PBXBuildFile; fileRef = CFA8ACC028AF9FB500F38CF0 /* LaunchScreen.storyboard */; };
		CFA8ACCB28AFA05800F38CF0 /* SnapKit in Frameworks */ = {isa = PBXBuildFile; productRef = CFA8ACCA28AFA05800F38CF0 /* SnapKit */; };
		CFA8ACCE28AFA06D00F38CF0 /* Kingfisher in Frameworks */ = {isa = PBXBuildFile; productRef = CFA8ACCD28AFA06D00F38CF0 /* Kingfisher */; };
		CFA8ACD128AFA08200F38CF0 /* Alamofire in Frameworks */ = {isa = PBXBuildFile; productRef = CFA8ACD028AFA08200F38CF0 /* Alamofire */; };
		CFA8ACD428AFA16400F38CF0 /* SwiftyJSON in Frameworks */ = {isa = PBXBuildFile; productRef = CFA8ACD328AFA16400F38CF0 /* SwiftyJSON */; };
		CFA8ACD628AFA24000F38CF0 /* MainViewController.swift in Sources */ = {isa = PBXBuildFile; fileRef = CFA8ACD528AFA24000F38CF0 /* MainViewController.swift */; };
		CFA8ACDD28AFACEB00F38CF0 /* TabBarController.swift in Sources */ = {isa = PBXBuildFile; fileRef = CFA8ACDC28AFACEB00F38CF0 /* TabBarController.swift */; };
		CFA8ACDF28AFB3EA00F38CF0 /* BaseViewController.swift in Sources */ = {isa = PBXBuildFile; fileRef = CFA8ACDE28AFB3EA00F38CF0 /* BaseViewController.swift */; };
		CFA8ACE328AFC54100F38CF0 /* BaseViewVC.swift in Sources */ = {isa = PBXBuildFile; fileRef = CFA8ACE228AFC54100F38CF0 /* BaseViewVC.swift */; };
		CFA8ACE528AFC88F00F38CF0 /* MainViewVC.swift in Sources */ = {isa = PBXBuildFile; fileRef = CFA8ACE428AFC88F00F38CF0 /* MainViewVC.swift */; };
		CFA8ACE928AFCBE500F38CF0 /* .gitignore in Resources */ = {isa = PBXBuildFile; fileRef = CFA8ACE828AFCBE500F38CF0 /* .gitignore */; };
		CFA8ACEC28AFCCD500F38CF0 /* MainTextField.swift in Sources */ = {isa = PBXBuildFile; fileRef = CFA8ACEB28AFCCD500F38CF0 /* MainTextField.swift */; };
		CFA8ACEE28AFF93000F38CF0 /* ApiKey.swift in Sources */ = {isa = PBXBuildFile; fileRef = CFA8ACED28AFF93000F38CF0 /* ApiKey.swift */; };
		CFA8ACF028AFFD9D00F38CF0 /* KeyboardViewController.swift in Sources */ = {isa = PBXBuildFile; fileRef = CFA8ACEF28AFFD9D00F38CF0 /* KeyboardViewController.swift */; };
		CFA8ACF328AFFF8700F38CF0 /* Notification.Name+Extension.swift in Sources */ = {isa = PBXBuildFile; fileRef = CFA8ACF228AFFF8700F38CF0 /* Notification.Name+Extension.swift */; };
		CFA8ACF628B12CD300F38CF0 /* ImagePickViewController.swift in Sources */ = {isa = PBXBuildFile; fileRef = CFA8ACF528B12CD300F38CF0 /* ImagePickViewController.swift */; };
		CFA8ACF828B12D2400F38CF0 /* ImagePickViewVC.swift in Sources */ = {isa = PBXBuildFile; fileRef = CFA8ACF728B12D2400F38CF0 /* ImagePickViewVC.swift */; };
		CFA8ACFA28B1348200F38CF0 /* UnsplashAPIManager.swift in Sources */ = {isa = PBXBuildFile; fileRef = CFA8ACF928B1348200F38CF0 /* UnsplashAPIManager.swift */; };
		CFA8ACFC28B140E500F38CF0 /* ImagePickCollectionViewCell.swift in Sources */ = {isa = PBXBuildFile; fileRef = CFA8ACFB28B140E500F38CF0 /* ImagePickCollectionViewCell.swift */; };
		CFA8ACFE28B1472200F38CF0 /* BaseCollectionViewCell.swift in Sources */ = {isa = PBXBuildFile; fileRef = CFA8ACFD28B1472200F38CF0 /* BaseCollectionViewCell.swift */; };
		CFA8AD0128B1531400F38CF0 /* UnsplashData.swift in Sources */ = {isa = PBXBuildFile; fileRef = CFA8AD0028B1531400F38CF0 /* UnsplashData.swift */; };
		CFA8AD0428B153C700F38CF0 /* Endpoint.swift in Sources */ = {isa = PBXBuildFile; fileRef = CFA8AD0328B153C700F38CF0 /* Endpoint.swift */; };
		CFA8AD0628B15B5200F38CF0 /* ReuseableProtocol.swift in Sources */ = {isa = PBXBuildFile; fileRef = CFA8AD0528B15B5200F38CF0 /* ReuseableProtocol.swift */; };
		CFA8AD0928B1D31700F38CF0 /* JGProgressHUD in Frameworks */ = {isa = PBXBuildFile; productRef = CFA8AD0828B1D31700F38CF0 /* JGProgressHUD */; };
		CFA8AD0E28B3163D00F38CF0 /* Realm in Frameworks */ = {isa = PBXBuildFile; productRef = CFA8AD0D28B3163D00F38CF0 /* Realm */; };
		CFA8AD1028B3163D00F38CF0 /* RealmSwift in Frameworks */ = {isa = PBXBuildFile; productRef = CFA8AD0F28B3163D00F38CF0 /* RealmSwift */; };
		CFA8AD1328B319EC00F38CF0 /* RealmModel.swift in Sources */ = {isa = PBXBuildFile; fileRef = CFA8AD1228B319EC00F38CF0 /* RealmModel.swift */; };
		CFA8AD1628B32AB100F38CF0 /* HomeViewController.swift in Sources */ = {isa = PBXBuildFile; fileRef = CFA8AD1528B32AB100F38CF0 /* HomeViewController.swift */; };
		CFA8AD1828B3353300F38CF0 /* Constant.swift in Sources */ = {isa = PBXBuildFile; fileRef = CFA8AD1728B3353300F38CF0 /* Constant.swift */; };
/* End PBXBuildFile section */

/* Begin PBXFileReference section */
		CF09C45A28B52DA000D0DE4C /* HomeTableViewCell.swift */ = {isa = PBXFileReference; lastKnownFileType = sourcecode.swift; path = HomeTableViewCell.swift; sourceTree = "<group>"; };
		CF09C45C28B5355800D0DE4C /* BaseTableViewCell.swift */ = {isa = PBXFileReference; lastKnownFileType = sourcecode.swift; path = BaseTableViewCell.swift; sourceTree = "<group>"; };
		CFA8ACB228AF9FB300F38CF0 /* MyDiaryProject.app */ = {isa = PBXFileReference; explicitFileType = wrapper.application; includeInIndex = 0; path = MyDiaryProject.app; sourceTree = BUILT_PRODUCTS_DIR; };
		CFA8ACB528AF9FB300F38CF0 /* AppDelegate.swift */ = {isa = PBXFileReference; lastKnownFileType = sourcecode.swift; path = AppDelegate.swift; sourceTree = "<group>"; };
		CFA8ACB728AF9FB300F38CF0 /* SceneDelegate.swift */ = {isa = PBXFileReference; lastKnownFileType = sourcecode.swift; path = SceneDelegate.swift; sourceTree = "<group>"; };
		CFA8ACBE28AF9FB500F38CF0 /* Assets.xcassets */ = {isa = PBXFileReference; lastKnownFileType = folder.assetcatalog; path = Assets.xcassets; sourceTree = "<group>"; };
		CFA8ACC128AF9FB500F38CF0 /* Base */ = {isa = PBXFileReference; lastKnownFileType = file.storyboard; name = Base; path = Base.lproj/LaunchScreen.storyboard; sourceTree = "<group>"; };
		CFA8ACC328AF9FB500F38CF0 /* Info.plist */ = {isa = PBXFileReference; lastKnownFileType = text.plist.xml; path = Info.plist; sourceTree = "<group>"; };
		CFA8ACD528AFA24000F38CF0 /* MainViewController.swift */ = {isa = PBXFileReference; lastKnownFileType = sourcecode.swift; path = MainViewController.swift; sourceTree = "<group>"; };
		CFA8ACDC28AFACEB00F38CF0 /* TabBarController.swift */ = {isa = PBXFileReference; lastKnownFileType = sourcecode.swift; path = TabBarController.swift; sourceTree = "<group>"; };
		CFA8ACDE28AFB3EA00F38CF0 /* BaseViewController.swift */ = {isa = PBXFileReference; lastKnownFileType = sourcecode.swift; path = BaseViewController.swift; sourceTree = "<group>"; };
		CFA8ACE228AFC54100F38CF0 /* BaseViewVC.swift */ = {isa = PBXFileReference; lastKnownFileType = sourcecode.swift; path = BaseViewVC.swift; sourceTree = "<group>"; };
		CFA8ACE428AFC88F00F38CF0 /* MainViewVC.swift */ = {isa = PBXFileReference; lastKnownFileType = sourcecode.swift; path = MainViewVC.swift; sourceTree = "<group>"; };
		CFA8ACE828AFCBE500F38CF0 /* .gitignore */ = {isa = PBXFileReference; lastKnownFileType = text; path = .gitignore; sourceTree = "<group>"; };
		CFA8ACEB28AFCCD500F38CF0 /* MainTextField.swift */ = {isa = PBXFileReference; lastKnownFileType = sourcecode.swift; path = MainTextField.swift; sourceTree = "<group>"; };
		CFA8ACED28AFF93000F38CF0 /* ApiKey.swift */ = {isa = PBXFileReference; lastKnownFileType = sourcecode.swift; path = ApiKey.swift; sourceTree = "<group>"; };
		CFA8ACEF28AFFD9D00F38CF0 /* KeyboardViewController.swift */ = {isa = PBXFileReference; lastKnownFileType = sourcecode.swift; path = KeyboardViewController.swift; sourceTree = "<group>"; };
		CFA8ACF228AFFF8700F38CF0 /* Notification.Name+Extension.swift */ = {isa = PBXFileReference; lastKnownFileType = sourcecode.swift; path = "Notification.Name+Extension.swift"; sourceTree = "<group>"; };
		CFA8ACF528B12CD300F38CF0 /* ImagePickViewController.swift */ = {isa = PBXFileReference; lastKnownFileType = sourcecode.swift; path = ImagePickViewController.swift; sourceTree = "<group>"; };
		CFA8ACF728B12D2400F38CF0 /* ImagePickViewVC.swift */ = {isa = PBXFileReference; lastKnownFileType = sourcecode.swift; path = ImagePickViewVC.swift; sourceTree = "<group>"; };
		CFA8ACF928B1348200F38CF0 /* UnsplashAPIManager.swift */ = {isa = PBXFileReference; lastKnownFileType = sourcecode.swift; path = UnsplashAPIManager.swift; sourceTree = "<group>"; };
		CFA8ACFB28B140E500F38CF0 /* ImagePickCollectionViewCell.swift */ = {isa = PBXFileReference; lastKnownFileType = sourcecode.swift; path = ImagePickCollectionViewCell.swift; sourceTree = "<group>"; };
		CFA8ACFD28B1472200F38CF0 /* BaseCollectionViewCell.swift */ = {isa = PBXFileReference; lastKnownFileType = sourcecode.swift; path = BaseCollectionViewCell.swift; sourceTree = "<group>"; };
		CFA8AD0028B1531400F38CF0 /* UnsplashData.swift */ = {isa = PBXFileReference; lastKnownFileType = sourcecode.swift; path = UnsplashData.swift; sourceTree = "<group>"; };
		CFA8AD0328B153C700F38CF0 /* Endpoint.swift */ = {isa = PBXFileReference; lastKnownFileType = sourcecode.swift; path = Endpoint.swift; sourceTree = "<group>"; };
		CFA8AD0528B15B5200F38CF0 /* ReuseableProtocol.swift */ = {isa = PBXFileReference; lastKnownFileType = sourcecode.swift; path = ReuseableProtocol.swift; sourceTree = "<group>"; };
		CFA8AD1228B319EC00F38CF0 /* RealmModel.swift */ = {isa = PBXFileReference; lastKnownFileType = sourcecode.swift; path = RealmModel.swift; sourceTree = "<group>"; };
		CFA8AD1528B32AB100F38CF0 /* HomeViewController.swift */ = {isa = PBXFileReference; lastKnownFileType = sourcecode.swift; path = HomeViewController.swift; sourceTree = "<group>"; };
		CFA8AD1728B3353300F38CF0 /* Constant.swift */ = {isa = PBXFileReference; lastKnownFileType = sourcecode.swift; path = Constant.swift; sourceTree = "<group>"; };
/* End PBXFileReference section */

/* Begin PBXFrameworksBuildPhase section */
		CFA8ACAF28AF9FB300F38CF0 /* Frameworks */ = {
			isa = PBXFrameworksBuildPhase;
			buildActionMask = 2147483647;
			files = (
				CFA8AD0E28B3163D00F38CF0 /* Realm in Frameworks */,
				CFA8ACD128AFA08200F38CF0 /* Alamofire in Frameworks */,
				CFA8AD1028B3163D00F38CF0 /* RealmSwift in Frameworks */,
				CFA8ACCE28AFA06D00F38CF0 /* Kingfisher in Frameworks */,
				CFA8ACD428AFA16400F38CF0 /* SwiftyJSON in Frameworks */,
				CFA8ACCB28AFA05800F38CF0 /* SnapKit in Frameworks */,
				CFA8AD0928B1D31700F38CF0 /* JGProgressHUD in Frameworks */,
			);
			runOnlyForDeploymentPostprocessing = 0;
		};
/* End PBXFrameworksBuildPhase section */

/* Begin PBXGroup section */
		CFA8ACA928AF9FB300F38CF0 = {
			isa = PBXGroup;
			children = (
				CFA8ACE828AFCBE500F38CF0 /* .gitignore */,
				CFA8ACB428AF9FB300F38CF0 /* MyDiaryProject */,
				CFA8ACB328AF9FB300F38CF0 /* Products */,
			);
			sourceTree = "<group>";
		};
		CFA8ACB328AF9FB300F38CF0 /* Products */ = {
			isa = PBXGroup;
			children = (
				CFA8ACB228AF9FB300F38CF0 /* MyDiaryProject.app */,
			);
			name = Products;
			sourceTree = "<group>";
		};
		CFA8ACB428AF9FB300F38CF0 /* MyDiaryProject */ = {
			isa = PBXGroup;
			children = (
				CFA8AD1128B319D500F38CF0 /* Realm */,
				CFA8ACFF28B1530300F38CF0 /* Model */,
				CFA8ACEA28AFCBF000F38CF0 /* APIKeys */,
				CFA8ACDA28AFA40600F38CF0 /* Scene */,
				CFA8ACD828AFA3C500F38CF0 /* APIManager */,
				CFA8ACD728AFA34700F38CF0 /* Utilty */,
				CFA8ACB528AF9FB300F38CF0 /* AppDelegate.swift */,
				CFA8ACB728AF9FB300F38CF0 /* SceneDelegate.swift */,
				CFA8ACBE28AF9FB500F38CF0 /* Assets.xcassets */,
				CFA8ACC028AF9FB500F38CF0 /* LaunchScreen.storyboard */,
				CFA8ACC328AF9FB500F38CF0 /* Info.plist */,
			);
			path = MyDiaryProject;
			sourceTree = "<group>";
		};
		CFA8ACD728AFA34700F38CF0 /* Utilty */ = {
			isa = PBXGroup;
			children = (
				CFA8AD1928B3353E00F38CF0 /* Constant */,
				CFA8ACD928AFA3E700F38CF0 /* Protocols */,
				CFA8ACF128AFFF5D00F38CF0 /* Extension */,
				CFA8ACE128AFC33600F38CF0 /* BaseView */,
				CFA8ACE028AFC1B300F38CF0 /* SubView */,
			);
			path = Utilty;
			sourceTree = "<group>";
		};
		CFA8ACD828AFA3C500F38CF0 /* APIManager */ = {
			isa = PBXGroup;
			children = (
				CFA8ACF928B1348200F38CF0 /* UnsplashAPIManager.swift */,
				CFA8AD0328B153C700F38CF0 /* Endpoint.swift */,
			);
			path = APIManager;
			sourceTree = "<group>";
		};
		CFA8ACD928AFA3E700F38CF0 /* Protocols */ = {
			isa = PBXGroup;
			children = (
				CFA8AD0528B15B5200F38CF0 /* ReuseableProtocol.swift */,
			);
			path = Protocols;
			sourceTree = "<group>";
		};
		CFA8ACDA28AFA40600F38CF0 /* Scene */ = {
			isa = PBXGroup;
			children = (
				CFA8AD1428B32A9D00F38CF0 /* Home */,
				CFA8ACDC28AFACEB00F38CF0 /* TabBarController.swift */,
				CFA8ACF428B12CB300F38CF0 /* ImagePick */,
				CFA8ACDB28AFA41900F38CF0 /* Main */,
			);
			path = Scene;
			sourceTree = "<group>";
		};
		CFA8ACDB28AFA41900F38CF0 /* Main */ = {
			isa = PBXGroup;
			children = (
				CFA8ACD528AFA24000F38CF0 /* MainViewController.swift */,
				CFA8ACE428AFC88F00F38CF0 /* MainViewVC.swift */,
			);
			path = Main;
			sourceTree = "<group>";
		};
		CFA8ACE028AFC1B300F38CF0 /* SubView */ = {
			isa = PBXGroup;
			children = (
				CFA8ACEB28AFCCD500F38CF0 /* MainTextField.swift */,
			);
			path = SubView;
			sourceTree = "<group>";
		};
		CFA8ACE128AFC33600F38CF0 /* BaseView */ = {
			isa = PBXGroup;
			children = (
				CFA8ACDE28AFB3EA00F38CF0 /* BaseViewController.swift */,
				CFA8ACE228AFC54100F38CF0 /* BaseViewVC.swift */,
				CFA8ACEF28AFFD9D00F38CF0 /* KeyboardViewController.swift */,
				CFA8ACFD28B1472200F38CF0 /* BaseCollectionViewCell.swift */,
				CF09C45C28B5355800D0DE4C /* BaseTableViewCell.swift */,
			);
			path = BaseView;
			sourceTree = "<group>";
		};
		CFA8ACEA28AFCBF000F38CF0 /* APIKeys */ = {
			isa = PBXGroup;
			children = (
				CFA8ACED28AFF93000F38CF0 /* ApiKey.swift */,
			);
			path = APIKeys;
			sourceTree = "<group>";
		};
		CFA8ACF128AFFF5D00F38CF0 /* Extension */ = {
			isa = PBXGroup;
			children = (
				CFA8ACF228AFFF8700F38CF0 /* Notification.Name+Extension.swift */,
			);
			path = Extension;
			sourceTree = "<group>";
		};
		CFA8ACF428B12CB300F38CF0 /* ImagePick */ = {
			isa = PBXGroup;
			children = (
				CFA8ACF528B12CD300F38CF0 /* ImagePickViewController.swift */,
				CFA8ACF728B12D2400F38CF0 /* ImagePickViewVC.swift */,
				CFA8ACFB28B140E500F38CF0 /* ImagePickCollectionViewCell.swift */,
			);
			path = ImagePick;
			sourceTree = "<group>";
		};
		CFA8ACFF28B1530300F38CF0 /* Model */ = {
			isa = PBXGroup;
			children = (
				CFA8AD0028B1531400F38CF0 /* UnsplashData.swift */,
			);
			path = Model;
			sourceTree = "<group>";
		};
		CFA8AD1128B319D500F38CF0 /* Realm */ = {
			isa = PBXGroup;
			children = (
				CFA8AD1228B319EC00F38CF0 /* RealmModel.swift */,
			);
			path = Realm;
			sourceTree = "<group>";
		};
		CFA8AD1428B32A9D00F38CF0 /* Home */ = {
			isa = PBXGroup;
			children = (
				CFA8AD1528B32AB100F38CF0 /* HomeViewController.swift */,
				CF09C45A28B52DA000D0DE4C /* HomeTableViewCell.swift */,
			);
			path = Home;
			sourceTree = "<group>";
		};
		CFA8AD1928B3353E00F38CF0 /* Constant */ = {
			isa = PBXGroup;
			children = (
				CFA8AD1728B3353300F38CF0 /* Constant.swift */,
			);
			path = Constant;
			sourceTree = "<group>";
		};
/* End PBXGroup section */

/* Begin PBXNativeTarget section */
		CFA8ACB128AF9FB300F38CF0 /* MyDiaryProject */ = {
			isa = PBXNativeTarget;
			buildConfigurationList = CFA8ACC628AF9FB500F38CF0 /* Build configuration list for PBXNativeTarget "MyDiaryProject" */;
			buildPhases = (
				CFA8ACAE28AF9FB300F38CF0 /* Sources */,
				CFA8ACAF28AF9FB300F38CF0 /* Frameworks */,
				CFA8ACB028AF9FB300F38CF0 /* Resources */,
			);
			buildRules = (
			);
			dependencies = (
			);
			name = MyDiaryProject;
			packageProductDependencies = (
				CFA8ACCA28AFA05800F38CF0 /* SnapKit */,
				CFA8ACCD28AFA06D00F38CF0 /* Kingfisher */,
				CFA8ACD028AFA08200F38CF0 /* Alamofire */,
				CFA8ACD328AFA16400F38CF0 /* SwiftyJSON */,
				CFA8AD0828B1D31700F38CF0 /* JGProgressHUD */,
				CFA8AD0D28B3163D00F38CF0 /* Realm */,
				CFA8AD0F28B3163D00F38CF0 /* RealmSwift */,
			);
			productName = MyDiaryProject;
			productReference = CFA8ACB228AF9FB300F38CF0 /* MyDiaryProject.app */;
			productType = "com.apple.product-type.application";
		};
/* End PBXNativeTarget section */

/* Begin PBXProject section */
		CFA8ACAA28AF9FB300F38CF0 /* Project object */ = {
			isa = PBXProject;
			attributes = {
				BuildIndependentTargetsInParallel = 1;
				LastSwiftUpdateCheck = 1340;
				LastUpgradeCheck = 1340;
				TargetAttributes = {
					CFA8ACB128AF9FB300F38CF0 = {
						CreatedOnToolsVersion = 13.4.1;
					};
				};
			};
			buildConfigurationList = CFA8ACAD28AF9FB300F38CF0 /* Build configuration list for PBXProject "MyDiaryProject" */;
			compatibilityVersion = "Xcode 13.0";
			developmentRegion = en;
			hasScannedForEncodings = 0;
			knownRegions = (
				en,
				Base,
			);
			mainGroup = CFA8ACA928AF9FB300F38CF0;
			packageReferences = (
				CFA8ACC928AFA05800F38CF0 /* XCRemoteSwiftPackageReference "SnapKit" */,
				CFA8ACCC28AFA06D00F38CF0 /* XCRemoteSwiftPackageReference "Kingfisher" */,
				CFA8ACCF28AFA08200F38CF0 /* XCRemoteSwiftPackageReference "Alamofire" */,
				CFA8ACD228AFA16400F38CF0 /* XCRemoteSwiftPackageReference "SwiftyJSON" */,
				CFA8AD0728B1D31700F38CF0 /* XCRemoteSwiftPackageReference "JGProgressHUD" */,
				CFA8AD0C28B3163D00F38CF0 /* XCRemoteSwiftPackageReference "realm-swift" */,
			);
			productRefGroup = CFA8ACB328AF9FB300F38CF0 /* Products */;
			projectDirPath = "";
			projectRoot = "";
			targets = (
				CFA8ACB128AF9FB300F38CF0 /* MyDiaryProject */,
			);
		};
/* End PBXProject section */

/* Begin PBXResourcesBuildPhase section */
		CFA8ACB028AF9FB300F38CF0 /* Resources */ = {
			isa = PBXResourcesBuildPhase;
			buildActionMask = 2147483647;
			files = (
				CFA8ACC228AF9FB500F38CF0 /* LaunchScreen.storyboard in Resources */,
				CFA8ACE928AFCBE500F38CF0 /* .gitignore in Resources */,
				CFA8ACBF28AF9FB500F38CF0 /* Assets.xcassets in Resources */,
			);
			runOnlyForDeploymentPostprocessing = 0;
		};
/* End PBXResourcesBuildPhase section */

/* Begin PBXSourcesBuildPhase section */
		CFA8ACAE28AF9FB300F38CF0 /* Sources */ = {
			isa = PBXSourcesBuildPhase;
			buildActionMask = 2147483647;
			files = (
				CFA8AD0128B1531400F38CF0 /* UnsplashData.swift in Sources */,
				CFA8ACE528AFC88F00F38CF0 /* MainViewVC.swift in Sources */,
				CFA8ACF628B12CD300F38CF0 /* ImagePickViewController.swift in Sources */,
				CFA8ACFA28B1348200F38CF0 /* UnsplashAPIManager.swift in Sources */,
				CFA8AD0628B15B5200F38CF0 /* ReuseableProtocol.swift in Sources */,
				CFA8AD1628B32AB100F38CF0 /* HomeViewController.swift in Sources */,
				CFA8ACF028AFFD9D00F38CF0 /* KeyboardViewController.swift in Sources */,
				CFA8ACF328AFFF8700F38CF0 /* Notification.Name+Extension.swift in Sources */,
				CFA8ACDF28AFB3EA00F38CF0 /* BaseViewController.swift in Sources */,
				CFA8ACD628AFA24000F38CF0 /* MainViewController.swift in Sources */,
				CFA8ACE328AFC54100F38CF0 /* BaseViewVC.swift in Sources */,
				CFA8ACDD28AFACEB00F38CF0 /* TabBarController.swift in Sources */,
				CFA8AD0428B153C700F38CF0 /* Endpoint.swift in Sources */,
				CFA8ACB628AF9FB300F38CF0 /* AppDelegate.swift in Sources */,
				CFA8AD1328B319EC00F38CF0 /* RealmModel.swift in Sources */,
				CFA8ACFE28B1472200F38CF0 /* BaseCollectionViewCell.swift in Sources */,
				CF09C45D28B5355800D0DE4C /* BaseTableViewCell.swift in Sources */,
				CFA8ACFC28B140E500F38CF0 /* ImagePickCollectionViewCell.swift in Sources */,
				CF09C45B28B52DA000D0DE4C /* HomeTableViewCell.swift in Sources */,
				CFA8ACEC28AFCCD500F38CF0 /* MainTextField.swift in Sources */,
				CFA8ACEE28AFF93000F38CF0 /* ApiKey.swift in Sources */,
				CFA8AD1828B3353300F38CF0 /* Constant.swift in Sources */,
				CFA8ACF828B12D2400F38CF0 /* ImagePickViewVC.swift in Sources */,
				CFA8ACB828AF9FB300F38CF0 /* SceneDelegate.swift in Sources */,
			);
			runOnlyForDeploymentPostprocessing = 0;
		};
/* End PBXSourcesBuildPhase section */

/* Begin PBXVariantGroup section */
		CFA8ACC028AF9FB500F38CF0 /* LaunchScreen.storyboard */ = {
			isa = PBXVariantGroup;
			children = (
				CFA8ACC128AF9FB500F38CF0 /* Base */,
			);
			name = LaunchScreen.storyboard;
			sourceTree = "<group>";
		};
/* End PBXVariantGroup section */

/* Begin XCBuildConfiguration section */
		CFA8ACC428AF9FB500F38CF0 /* Debug */ = {
			isa = XCBuildConfiguration;
			buildSettings = {
				ALWAYS_SEARCH_USER_PATHS = NO;
				CLANG_ANALYZER_NONNULL = YES;
				CLANG_ANALYZER_NUMBER_OBJECT_CONVERSION = YES_AGGRESSIVE;
				CLANG_CXX_LANGUAGE_STANDARD = "gnu++17";
				CLANG_ENABLE_MODULES = YES;
				CLANG_ENABLE_OBJC_ARC = YES;
				CLANG_ENABLE_OBJC_WEAK = YES;
				CLANG_WARN_BLOCK_CAPTURE_AUTORELEASING = YES;
				CLANG_WARN_BOOL_CONVERSION = YES;
				CLANG_WARN_COMMA = YES;
				CLANG_WARN_CONSTANT_CONVERSION = YES;
				CLANG_WARN_DEPRECATED_OBJC_IMPLEMENTATIONS = YES;
				CLANG_WARN_DIRECT_OBJC_ISA_USAGE = YES_ERROR;
				CLANG_WARN_DOCUMENTATION_COMMENTS = YES;
				CLANG_WARN_EMPTY_BODY = YES;
				CLANG_WARN_ENUM_CONVERSION = YES;
				CLANG_WARN_INFINITE_RECURSION = YES;
				CLANG_WARN_INT_CONVERSION = YES;
				CLANG_WARN_NON_LITERAL_NULL_CONVERSION = YES;
				CLANG_WARN_OBJC_IMPLICIT_RETAIN_SELF = YES;
				CLANG_WARN_OBJC_LITERAL_CONVERSION = YES;
				CLANG_WARN_OBJC_ROOT_CLASS = YES_ERROR;
				CLANG_WARN_QUOTED_INCLUDE_IN_FRAMEWORK_HEADER = YES;
				CLANG_WARN_RANGE_LOOP_ANALYSIS = YES;
				CLANG_WARN_STRICT_PROTOTYPES = YES;
				CLANG_WARN_SUSPICIOUS_MOVE = YES;
				CLANG_WARN_UNGUARDED_AVAILABILITY = YES_AGGRESSIVE;
				CLANG_WARN_UNREACHABLE_CODE = YES;
				CLANG_WARN__DUPLICATE_METHOD_MATCH = YES;
				COPY_PHASE_STRIP = NO;
				DEBUG_INFORMATION_FORMAT = dwarf;
				ENABLE_STRICT_OBJC_MSGSEND = YES;
				ENABLE_TESTABILITY = YES;
				GCC_C_LANGUAGE_STANDARD = gnu11;
				GCC_DYNAMIC_NO_PIC = NO;
				GCC_NO_COMMON_BLOCKS = YES;
				GCC_OPTIMIZATION_LEVEL = 0;
				GCC_PREPROCESSOR_DEFINITIONS = (
					"DEBUG=1",
					"$(inherited)",
				);
				GCC_WARN_64_TO_32_BIT_CONVERSION = YES;
				GCC_WARN_ABOUT_RETURN_TYPE = YES_ERROR;
				GCC_WARN_UNDECLARED_SELECTOR = YES;
				GCC_WARN_UNINITIALIZED_AUTOS = YES_AGGRESSIVE;
				GCC_WARN_UNUSED_FUNCTION = YES;
				GCC_WARN_UNUSED_VARIABLE = YES;
				IPHONEOS_DEPLOYMENT_TARGET = 15.5;
				MTL_ENABLE_DEBUG_INFO = INCLUDE_SOURCE;
				MTL_FAST_MATH = YES;
				ONLY_ACTIVE_ARCH = YES;
				SDKROOT = iphoneos;
				SWIFT_ACTIVE_COMPILATION_CONDITIONS = DEBUG;
				SWIFT_OPTIMIZATION_LEVEL = "-Onone";
			};
			name = Debug;
		};
		CFA8ACC528AF9FB500F38CF0 /* Release */ = {
			isa = XCBuildConfiguration;
			buildSettings = {
				ALWAYS_SEARCH_USER_PATHS = NO;
				CLANG_ANALYZER_NONNULL = YES;
				CLANG_ANALYZER_NUMBER_OBJECT_CONVERSION = YES_AGGRESSIVE;
				CLANG_CXX_LANGUAGE_STANDARD = "gnu++17";
				CLANG_ENABLE_MODULES = YES;
				CLANG_ENABLE_OBJC_ARC = YES;
				CLANG_ENABLE_OBJC_WEAK = YES;
				CLANG_WARN_BLOCK_CAPTURE_AUTORELEASING = YES;
				CLANG_WARN_BOOL_CONVERSION = YES;
				CLANG_WARN_COMMA = YES;
				CLANG_WARN_CONSTANT_CONVERSION = YES;
				CLANG_WARN_DEPRECATED_OBJC_IMPLEMENTATIONS = YES;
				CLANG_WARN_DIRECT_OBJC_ISA_USAGE = YES_ERROR;
				CLANG_WARN_DOCUMENTATION_COMMENTS = YES;
				CLANG_WARN_EMPTY_BODY = YES;
				CLANG_WARN_ENUM_CONVERSION = YES;
				CLANG_WARN_INFINITE_RECURSION = YES;
				CLANG_WARN_INT_CONVERSION = YES;
				CLANG_WARN_NON_LITERAL_NULL_CONVERSION = YES;
				CLANG_WARN_OBJC_IMPLICIT_RETAIN_SELF = YES;
				CLANG_WARN_OBJC_LITERAL_CONVERSION = YES;
				CLANG_WARN_OBJC_ROOT_CLASS = YES_ERROR;
				CLANG_WARN_QUOTED_INCLUDE_IN_FRAMEWORK_HEADER = YES;
				CLANG_WARN_RANGE_LOOP_ANALYSIS = YES;
				CLANG_WARN_STRICT_PROTOTYPES = YES;
				CLANG_WARN_SUSPICIOUS_MOVE = YES;
				CLANG_WARN_UNGUARDED_AVAILABILITY = YES_AGGRESSIVE;
				CLANG_WARN_UNREACHABLE_CODE = YES;
				CLANG_WARN__DUPLICATE_METHOD_MATCH = YES;
				COPY_PHASE_STRIP = NO;
				DEBUG_INFORMATION_FORMAT = "dwarf-with-dsym";
				ENABLE_NS_ASSERTIONS = NO;
				ENABLE_STRICT_OBJC_MSGSEND = YES;
				GCC_C_LANGUAGE_STANDARD = gnu11;
				GCC_NO_COMMON_BLOCKS = YES;
				GCC_WARN_64_TO_32_BIT_CONVERSION = YES;
				GCC_WARN_ABOUT_RETURN_TYPE = YES_ERROR;
				GCC_WARN_UNDECLARED_SELECTOR = YES;
				GCC_WARN_UNINITIALIZED_AUTOS = YES_AGGRESSIVE;
				GCC_WARN_UNUSED_FUNCTION = YES;
				GCC_WARN_UNUSED_VARIABLE = YES;
				IPHONEOS_DEPLOYMENT_TARGET = 15.5;
				MTL_ENABLE_DEBUG_INFO = NO;
				MTL_FAST_MATH = YES;
				SDKROOT = iphoneos;
				SWIFT_COMPILATION_MODE = wholemodule;
				SWIFT_OPTIMIZATION_LEVEL = "-O";
				VALIDATE_PRODUCT = YES;
			};
			name = Release;
		};
		CFA8ACC728AF9FB500F38CF0 /* Debug */ = {
			isa = XCBuildConfiguration;
			buildSettings = {
				ASSETCATALOG_COMPILER_APPICON_NAME = AppIcon;
				ASSETCATALOG_COMPILER_GLOBAL_ACCENT_COLOR_NAME = AccentColor;
				CODE_SIGN_STYLE = Automatic;
				CURRENT_PROJECT_VERSION = 1;
				DEVELOPMENT_TEAM = V39QSCSL6T;
				GENERATE_INFOPLIST_FILE = YES;
				INFOPLIST_FILE = MyDiaryProject/Info.plist;
				INFOPLIST_KEY_UIApplicationSupportsIndirectInputEvents = YES;
				INFOPLIST_KEY_UILaunchStoryboardName = LaunchScreen;
				INFOPLIST_KEY_UISupportedInterfaceOrientations = UIInterfaceOrientationPortrait;
				INFOPLIST_KEY_UISupportedInterfaceOrientations_iPad = UIInterfaceOrientationPortrait;
				INFOPLIST_KEY_UISupportedInterfaceOrientations_iPhone = "UIInterfaceOrientationPortrait UIInterfaceOrientationLandscapeLeft UIInterfaceOrientationLandscapeRight";
				IPHONEOS_DEPLOYMENT_TARGET = 15.0;
				LD_RUNPATH_SEARCH_PATHS = (
					"$(inherited)",
					"@executable_path/Frameworks",
				);
				MARKETING_VERSION = 1.0;
				PRODUCT_BUNDLE_IDENTIFIER = com.sesac.lec.MyDiaryProject;
				PRODUCT_NAME = "$(TARGET_NAME)";
				SWIFT_EMIT_LOC_STRINGS = YES;
				SWIFT_VERSION = 5.0;
				TARGETED_DEVICE_FAMILY = 1;
			};
			name = Debug;
		};
		CFA8ACC828AF9FB500F38CF0 /* Release */ = {
			isa = XCBuildConfiguration;
			buildSettings = {
				ASSETCATALOG_COMPILER_APPICON_NAME = AppIcon;
				ASSETCATALOG_COMPILER_GLOBAL_ACCENT_COLOR_NAME = AccentColor;
				CODE_SIGN_STYLE = Automatic;
				CURRENT_PROJECT_VERSION = 1;
				DEVELOPMENT_TEAM = V39QSCSL6T;
				GENERATE_INFOPLIST_FILE = YES;
				INFOPLIST_FILE = MyDiaryProject/Info.plist;
				INFOPLIST_KEY_UIApplicationSupportsIndirectInputEvents = YES;
				INFOPLIST_KEY_UILaunchStoryboardName = LaunchScreen;
				INFOPLIST_KEY_UISupportedInterfaceOrientations = UIInterfaceOrientationPortrait;
				INFOPLIST_KEY_UISupportedInterfaceOrientations_iPad = UIInterfaceOrientationPortrait;
				INFOPLIST_KEY_UISupportedInterfaceOrientations_iPhone = "UIInterfaceOrientationPortrait UIInterfaceOrientationLandscapeLeft UIInterfaceOrientationLandscapeRight";
				IPHONEOS_DEPLOYMENT_TARGET = 15.0;
				LD_RUNPATH_SEARCH_PATHS = (
					"$(inherited)",
					"@executable_path/Frameworks",
				);
				MARKETING_VERSION = 1.0;
				PRODUCT_BUNDLE_IDENTIFIER = com.sesac.lec.MyDiaryProject;
				PRODUCT_NAME = "$(TARGET_NAME)";
				SWIFT_EMIT_LOC_STRINGS = YES;
				SWIFT_VERSION = 5.0;
				TARGETED_DEVICE_FAMILY = 1;
			};
			name = Release;
		};
/* End XCBuildConfiguration section */

/* Begin XCConfigurationList section */
		CFA8ACAD28AF9FB300F38CF0 /* Build configuration list for PBXProject "MyDiaryProject" */ = {
			isa = XCConfigurationList;
			buildConfigurations = (
				CFA8ACC428AF9FB500F38CF0 /* Debug */,
				CFA8ACC528AF9FB500F38CF0 /* Release */,
			);
			defaultConfigurationIsVisible = 0;
			defaultConfigurationName = Release;
		};
		CFA8ACC628AF9FB500F38CF0 /* Build configuration list for PBXNativeTarget "MyDiaryProject" */ = {
			isa = XCConfigurationList;
			buildConfigurations = (
				CFA8ACC728AF9FB500F38CF0 /* Debug */,
				CFA8ACC828AF9FB500F38CF0 /* Release */,
			);
			defaultConfigurationIsVisible = 0;
			defaultConfigurationName = Release;
		};
/* End XCConfigurationList section */

/* Begin XCRemoteSwiftPackageReference section */
		CFA8ACC928AFA05800F38CF0 /* XCRemoteSwiftPackageReference "SnapKit" */ = {
			isa = XCRemoteSwiftPackageReference;
			repositoryURL = "https://github.com/SnapKit/SnapKit.git";
			requirement = {
				kind = upToNextMajorVersion;
				minimumVersion = 5.0.0;
			};
		};
		CFA8ACCC28AFA06D00F38CF0 /* XCRemoteSwiftPackageReference "Kingfisher" */ = {
			isa = XCRemoteSwiftPackageReference;
			repositoryURL = "https://github.com/onevcat/Kingfisher";
			requirement = {
				kind = upToNextMajorVersion;
				minimumVersion = 7.0.0;
			};
		};
		CFA8ACCF28AFA08200F38CF0 /* XCRemoteSwiftPackageReference "Alamofire" */ = {
			isa = XCRemoteSwiftPackageReference;
			repositoryURL = "https://github.com/Alamofire/Alamofire";
			requirement = {
				kind = upToNextMajorVersion;
				minimumVersion = 5.0.0;
			};
		};
		CFA8ACD228AFA16400F38CF0 /* XCRemoteSwiftPackageReference "SwiftyJSON" */ = {
			isa = XCRemoteSwiftPackageReference;
			repositoryURL = "https://github.com/SwiftyJSON/SwiftyJSON";
			requirement = {
				kind = upToNextMajorVersion;
				minimumVersion = 5.0.0;
			};
		};
		CFA8AD0728B1D31700F38CF0 /* XCRemoteSwiftPackageReference "JGProgressHUD" */ = {
			isa = XCRemoteSwiftPackageReference;
			repositoryURL = "https://github.com/JonasGessner/JGProgressHUD.git";
			requirement = {
				kind = upToNextMajorVersion;
				minimumVersion = 2.0.0;
			};
		};
		CFA8AD0C28B3163D00F38CF0 /* XCRemoteSwiftPackageReference "realm-swift" */ = {
			isa = XCRemoteSwiftPackageReference;
			repositoryURL = "https://github.com/realm/realm-swift.git";
			requirement = {
				kind = upToNextMajorVersion;
				minimumVersion = 10.0.0;
			};
		};
/* End XCRemoteSwiftPackageReference section */

/* Begin XCSwiftPackageProductDependency section */
		CFA8ACCA28AFA05800F38CF0 /* SnapKit */ = {
			isa = XCSwiftPackageProductDependency;
			package = CFA8ACC928AFA05800F38CF0 /* XCRemoteSwiftPackageReference "SnapKit" */;
			productName = SnapKit;
		};
		CFA8ACCD28AFA06D00F38CF0 /* Kingfisher */ = {
			isa = XCSwiftPackageProductDependency;
			package = CFA8ACCC28AFA06D00F38CF0 /* XCRemoteSwiftPackageReference "Kingfisher" */;
			productName = Kingfisher;
		};
		CFA8ACD028AFA08200F38CF0 /* Alamofire */ = {
			isa = XCSwiftPackageProductDependency;
			package = CFA8ACCF28AFA08200F38CF0 /* XCRemoteSwiftPackageReference "Alamofire" */;
			productName = Alamofire;
		};
		CFA8ACD328AFA16400F38CF0 /* SwiftyJSON */ = {
			isa = XCSwiftPackageProductDependency;
			package = CFA8ACD228AFA16400F38CF0 /* XCRemoteSwiftPackageReference "SwiftyJSON" */;
			productName = SwiftyJSON;
		};
		CFA8AD0828B1D31700F38CF0 /* JGProgressHUD */ = {
			isa = XCSwiftPackageProductDependency;
			package = CFA8AD0728B1D31700F38CF0 /* XCRemoteSwiftPackageReference "JGProgressHUD" */;
			productName = JGProgressHUD;
		};
		CFA8AD0D28B3163D00F38CF0 /* Realm */ = {
			isa = XCSwiftPackageProductDependency;
			package = CFA8AD0C28B3163D00F38CF0 /* XCRemoteSwiftPackageReference "realm-swift" */;
			productName = Realm;
		};
		CFA8AD0F28B3163D00F38CF0 /* RealmSwift */ = {
			isa = XCSwiftPackageProductDependency;
			package = CFA8AD0C28B3163D00F38CF0 /* XCRemoteSwiftPackageReference "realm-swift" */;
			productName = RealmSwift;
		};
/* End XCSwiftPackageProductDependency section */
	};
	rootObject = CFA8ACAA28AF9FB300F38CF0 /* Project object */;
}
